{
  "requires": true,
  "lockfileVersion": 1,
  "dependencies": {
    "interactjs": {
      "version": "1.3.4",
      "resolved": "https://registry.npmjs.org/interactjs/-/interactjs-1.3.4.tgz",
      "integrity": "sha512-AQ2CdPEyHqiEEQ1FFgMBj79UEsU1+rUwSXuhOkflvB65p4iECft28SN/PvhD/Y9OtNge8aH1qTibjAi+RXQMqQ=="
    }
  }
}
